
Microsoft Visual Studio Solution File, Format Version 12.00
# Visual Studio Version 17
VisualStudioVersion = 17.3.32825.248
MinimumVisualStudioVersion = 10.0.40219.1
Project("{FAE04EC0-301F-11D3-BF4B-00C04F79EFBC}") = "Area_Trapezio", "Area_Trapezio\Area_Trapezio.csproj", "{80C72628-6C37-45A6-BD71-98F27B0F1261}"
EndProject
Global
	GlobalSection(SolutionConfigurationPlatforms) = preSolution
		Debug|Any CPU = Debug|Any CPU
		Release|Any CPU = Release|Any CPU
	EndGlobalSection
	GlobalSection(ProjectConfigurationPlatforms) = postSolution
		{80C72628-6C37-45A6-BD71-98F27B0F1261}.Debug|Any CPU.ActiveCfg = Debug|Any CPU
		{80C72628-6C37-45A6-BD71-98F27B0F1261}.Debug|Any CPU.Build.0 = Debug|Any CPU
		{80C72628-6C37-45A6-BD71-98F27B0F1261}.Release|Any CPU.ActiveCfg = Release|Any CPU
		{80C72628-6C37-45A6-BD71-98F27B0F1261}.Release|Any CPU.Build.0 = Release|Any CPU
	EndGlobalSection
	GlobalSection(SolutionProperties) = preSolution
		HideSolutionNode = FALSE
	EndGlobalSection
	GlobalSection(ExtensibilityGlobals) = postSolution
		SolutionGuid = {40CDC295-BBDE-4687-BCB6-185D83BC68E9}
	EndGlobalSection
EndGlobal
